<?xml version="1.0" encoding="utf-8"?>
<Project ToolsVersion="4.0" xmlns="http://schemas.microsoft.com/developer/msbuild/2003">
  <ItemGroup>
    <Filter Include="Source Files">
      <UniqueIdentifier>{4FC737F1-C7A5-4376-A066-2A32D752A2FF}</UniqueIdentifier>
      <Extensions>cpp;c;cc;cxx;c++;cppm;ixx;def;odl;idl;hpj;bat;asm;asmx</Extensions>
    </Filter>
    <Filter Include="Header Files">
      <UniqueIdentifier>{93995380-89BD-4b04-88EB-625FBE52EBFB}</UniqueIdentifier>
      <Extensions>h;hh;hpp;hxx;h++;hm;inl;inc;ipp;xsd</Extensions>
    </Filter>
    <Filter Include="Resource Files">
      <UniqueIdentifier>{67DA6AB6-F800-4c08-8B7A-83BB121AAD01}</UniqueIdentifier>
      <Extensions>rc;ico;cur;bmp;dlg;rc2;rct;bin;rgs;gif;jpg;jpeg;jpe;resx;tiff;tif;png;wav;mfcribbon-ms</Extensions>
    </Filter>
    <Filter Include="Resource Files\Shaders">
      <UniqueIdentifier>{2ca0d0d2-d31e-4972-a22c-c8441122979f}</UniqueIdentifier>
    </Filter>
    <Filter Include="Resource Files\Models">
      <UniqueIdentifier>{e4b65b77-4a10-4951-9627-81fff1be91ff}</UniqueIdentifier>
    </Filter>
    <Filter Include="Resource Files\imgui">
      <UniqueIdentifier>{cdfb6418-fbdd-42b8-8725-a594a706afe1}</UniqueIdentifier>
    </Filter>
  </ItemGroup>
  <ItemGroup>
    <ClCompile Include="..\..\..\..\..\vclib\imgui\imgui.cpp">
      <Filter>Resource Files\imgui</Filter>
    </ClCompile>
    <ClCompile Include="..\..\..\..\..\vclib\imgui\imgui_demo.cpp">
      <Filter>Resource Files\imgui</Filter>
    </ClCompile>
    <ClCompile Include="..\..\..\..\..\vclib\imgui\imgui_draw.cpp">
      <Filter>Resource Files\imgui</Filter>
    </ClCompile>
    <ClCompile Include="..\..\..\..\..\vclib\imgui\imgui_tables.cpp">
      <Filter>Resource Files\imgui</Filter>
    </ClCompile>
    <ClCompile Include="..\..\..\..\..\vclib\imgui\imgui_widgets.cpp">
      <Filter>Resource Files\imgui</Filter>
    </ClCompile>
    <ClCompile Include="..\..\..\..\..\vclib\imgui\backends\imgui_impl_opengl3.cpp">
      <Filter>Resource Files\imgui</Filter>
    </ClCompile>
    <ClCompile Include="..\..\..\..\..\vclib\imgui\backends\imgui_impl_sdl.cpp">
      <Filter>Resource Files\imgui</Filter>
    </ClCompile>
    <ClCompile Include="Sources\Camera.cpp">
      <Filter>Source Files</Filter>
    </ClCompile>
    <ClCompile Include="Sources\FileDialog.cpp">
      <Filter>Source Files</Filter>
    </ClCompile>
    <ClCompile Include="Sources\main.cpp">
      <Filter>Source Files</Filter>
    </ClCompile>
    <ClCompile Include="Sources\Mesh.cpp">
      <Filter>Source Files</Filter>
    </ClCompile>
    <ClCompile Include="Sources\Renderer.cpp">
      <Filter>Source Files</Filter>
    </ClCompile>
    <ClCompile Include="Sources\SDL_GL_Window.cpp">
      <Filter>Source Files</Filter>
    </ClCompile>
    <ClCompile Include="Sources\Buffer.cpp">
      <Filter>Source Files</Filter>
    </ClCompile>
    <ClCompile Include="Sources\Shader.cpp">
      <Filter>Source Files</Filter>
    </ClCompile>
  </ItemGroup>
  <ItemGroup>
    <ClInclude Include="..\..\..\..\..\vclib\imgui\imconfig.h">
      <Filter>Resource Files\imgui</Filter>
    </ClInclude>
    <ClInclude Include="..\..\..\..\..\vclib\imgui\imgui.h">
      <Filter>Resource Files\imgui</Filter>
    </ClInclude>
    <ClInclude Include="..\..\..\..\..\vclib\imgui\imgui_internal.h">
      <Filter>Resource Files\imgui</Filter>
    </ClInclude>
    <ClInclude Include="..\..\..\..\..\vclib\imgui\imstb_rectpack.h">
      <Filter>Resource Files\imgui</Filter>
    </ClInclude>
    <ClInclude Include="..\..\..\..\..\vclib\imgui\imstb_textedit.h">
      <Filter>Resource Files\imgui</Filter>
    </ClInclude>
    <ClInclude Include="..\..\..\..\..\vclib\imgui\imstb_truetype.h">
      <Filter>Resource Files\imgui</Filter>
    </ClInclude>
    <ClInclude Include="..\..\..\..\..\vclib\imgui\backends\imgui_impl_opengl3.h">
      <Filter>Resource Files\imgui</Filter>
    </ClInclude>
    <ClInclude Include="..\..\..\..\..\vclib\imgui\backends\imgui_impl_opengl3_loader.h">
      <Filter>Resource Files\imgui</Filter>
    </ClInclude>
    <ClInclude Include="..\..\..\..\..\vclib\imgui\backends\imgui_impl_sdl.h">
      <Filter>Resource Files\imgui</Filter>
    </ClInclude>
    <ClInclude Include="Headers\Camera.h">
      <Filter>Header Files</Filter>
    </ClInclude>
    <ClInclude Include="Headers\FileDialog.h">
      <Filter>Header Files</Filter>
    </ClInclude>
    <ClInclude Include="Headers\Mesh.h">
      <Filter>Header Files</Filter>
    </ClInclude>
    <ClInclude Include="Headers\Renderer.h">
      <Filter>Header Files</Filter>
    </ClInclude>
    <ClInclude Include="Headers\Shader.h">
      <Filter>Header Files</Filter>
    </ClInclude>
    <ClInclude Include="Headers\SDL_GL_Window.h">
      <Filter>Header Files</Filter>
    </ClInclude>
    <ClInclude Include="Headers\Buffer.h">
      <Filter>Header Files</Filter>
    </ClInclude>
    <ClInclude Include="Headers\Utils.h">
      <Filter>Header Files</Filter>
    </ClInclude>
  </ItemGroup>
  <ItemGroup>
    <Text Include="Models\Square.txt">
      <Filter>Resource Files\Models</Filter>
    </Text>
  </ItemGroup>
  <ItemGroup>
    <None Include="Shaders\Basic.frag">
      <Filter>Resource Files\Shaders</Filter>
    </None>
    <None Include="Shaders\Basic.vert">
      <Filter>Resource Files\Shaders</Filter>
    </None>
  </ItemGroup>
</Project>