
Microsoft Visual Studio Solution File, Format Version 12.00
# Visual Studio Version 16
VisualStudioVersion = 16.0.32630.194
MinimumVisualStudioVersion = 10.0.40219.1
Project("{8BC9CEB8-8B4A-11D0-8D11-00A0C91BC942}") = "4_5_Multisampling", "4_5_Multisampling.vcxproj", "{AA307DE7-3D33-4ABB-9047-B309CA46D1D4}"
EndProject
Global
	GlobalSection(SolutionConfigurationPlatforms) = preSolution
		Debug|x64 = Debug|x64
		Debug|x86 = Debug|x86
		Release|x64 = Release|x64
		Release|x86 = Release|x86
	EndGlobalSection
	GlobalSection(ProjectConfigurationPlatforms) = postSolution
		{AA307DE7-3D33-4ABB-9047-B309CA46D1D4}.Debug|x64.ActiveCfg = Debug|x64
		{AA307DE7-3D33-4ABB-9047-B309CA46D1D4}.Debug|x64.Build.0 = Debug|x64
		{AA307DE7-3D33-4ABB-9047-B309CA46D1D4}.Debug|x86.ActiveCfg = Debug|Win32
		{AA307DE7-3D33-4ABB-9047-B309CA46D1D4}.Debug|x86.Build.0 = Debug|Win32
		{AA307DE7-3D33-4ABB-9047-B309CA46D1D4}.Release|x64.ActiveCfg = Release|x64
		{AA307DE7-3D33-4ABB-9047-B309CA46D1D4}.Release|x64.Build.0 = Release|x64
		{AA307DE7-3D33-4ABB-9047-B309CA46D1D4}.Release|x86.ActiveCfg = Release|Win32
		{AA307DE7-3D33-4ABB-9047-B309CA46D1D4}.Release|x86.Build.0 = Release|Win32
	EndGlobalSection
	GlobalSection(SolutionProperties) = preSolution
		HideSolutionNode = FALSE
	EndGlobalSection
	GlobalSection(ExtensibilityGlobals) = postSolution
		SolutionGuid = {D1B6C5E0-9FFB-4CC5-AA30-4EE0A4319873}
	EndGlobalSection
EndGlobal
