<?xml version="1.0" encoding="utf-8"?>
<Project ToolsVersion="4.0" xmlns="http://schemas.microsoft.com/developer/msbuild/2003">
  <ItemGroup>
    <Filter Include="Source Files">
      <UniqueIdentifier>{4FC737F1-C7A5-4376-A066-2A32D752A2FF}</UniqueIdentifier>
      <Extensions>cpp;c;cc;cxx;c++;cppm;ixx;def;odl;idl;hpj;bat;asm;asmx</Extensions>
    </Filter>
    <Filter Include="Header Files">
      <UniqueIdentifier>{93995380-89BD-4b04-88EB-625FBE52EBFB}</UniqueIdentifier>
      <Extensions>h;hh;hpp;hxx;h++;hm;inl;inc;ipp;xsd</Extensions>
    </Filter>
    <Filter Include="Resource Files">
      <UniqueIdentifier>{67DA6AB6-F800-4c08-8B7A-83BB121AAD01}</UniqueIdentifier>
      <Extensions>rc;ico;cur;bmp;dlg;rc2;rct;bin;rgs;gif;jpg;jpeg;jpe;resx;tiff;tif;png;wav;mfcribbon-ms</Extensions>
    </Filter>
    <Filter Include="Resource Files\Shaders">
      <UniqueIdentifier>{0347e987-16a7-4499-8681-2324073b0a3d}</UniqueIdentifier>
    </Filter>
  </ItemGroup>
  <ItemGroup>
    <ClInclude Include="Camera.h">
      <Filter>Header Files</Filter>
    </ClInclude>
    <ClInclude Include="Light.h">
      <Filter>Header Files</Filter>
    </ClInclude>
    <ClInclude Include="Mesh.h">
      <Filter>Header Files</Filter>
    </ClInclude>
    <ClInclude Include="Model.h">
      <Filter>Header Files</Filter>
    </ClInclude>
    <ClInclude Include="PointLight.h">
      <Filter>Header Files</Filter>
    </ClInclude>
    <ClInclude Include="Renderer.h">
      <Filter>Header Files</Filter>
    </ClInclude>
    <ClInclude Include="Shader.h">
      <Filter>Header Files</Filter>
    </ClInclude>
    <ClInclude Include="SpotLight.h">
      <Filter>Header Files</Filter>
    </ClInclude>
    <ClInclude Include="Texture.h">
      <Filter>Header Files</Filter>
    </ClInclude>
  </ItemGroup>
  <ItemGroup>
    <ClCompile Include="Camera.cpp">
      <Filter>Source Files</Filter>
    </ClCompile>
    <ClCompile Include="Light.cpp">
      <Filter>Source Files</Filter>
    </ClCompile>
    <ClCompile Include="Main.cpp">
      <Filter>Source Files</Filter>
    </ClCompile>
    <ClCompile Include="Mesh.cpp">
      <Filter>Source Files</Filter>
    </ClCompile>
    <ClCompile Include="Model.cpp">
      <Filter>Source Files</Filter>
    </ClCompile>
    <ClCompile Include="PointLight.cpp">
      <Filter>Source Files</Filter>
    </ClCompile>
    <ClCompile Include="Renderer.cpp">
      <Filter>Source Files</Filter>
    </ClCompile>
    <ClCompile Include="Shader.cpp">
      <Filter>Source Files</Filter>
    </ClCompile>
    <ClCompile Include="SpotLight.cpp">
      <Filter>Source Files</Filter>
    </ClCompile>
    <ClCompile Include="Texture.cpp">
      <Filter>Source Files</Filter>
    </ClCompile>
  </ItemGroup>
  <ItemGroup>
    <None Include="Shaders\1_LightColor.frag">
      <Filter>Resource Files\Shaders</Filter>
    </None>
    <None Include="Shaders\1_LightColor.vert">
      <Filter>Resource Files\Shaders</Filter>
    </None>
    <None Include="Shaders\1_Model.frag">
      <Filter>Resource Files\Shaders</Filter>
    </None>
    <None Include="Shaders\1_Model.vert">
      <Filter>Resource Files\Shaders</Filter>
    </None>
    <None Include="Shaders\2_Stencil.frag">
      <Filter>Resource Files\Shaders</Filter>
    </None>
    <None Include="Shaders\2_Stencil.vert">
      <Filter>Resource Files\Shaders</Filter>
    </None>
    <None Include="Shaders\6_1_Sharpen.frag">
      <Filter>Resource Files\Shaders</Filter>
    </None>
    <None Include="Shaders\6_1_Sharpen.vert">
      <Filter>Resource Files\Shaders</Filter>
    </None>
    <None Include="Shaders\5_Screen.frag">
      <Filter>Resource Files\Shaders</Filter>
    </None>
    <None Include="Shaders\5_Screen.vert">
      <Filter>Resource Files\Shaders</Filter>
    </None>
    <None Include="Shaders\3_Grass.frag">
      <Filter>Resource Files\Shaders</Filter>
    </None>
    <None Include="Shaders\3_Grass.vert">
      <Filter>Resource Files\Shaders</Filter>
    </None>
    <None Include="Shaders\4_Window.frag">
      <Filter>Resource Files\Shaders</Filter>
    </None>
    <None Include="Shaders\4_Window.vert">
      <Filter>Resource Files\Shaders</Filter>
    </None>
    <None Include="Shaders\6_2_Blur.frag">
      <Filter>Resource Files\Shaders</Filter>
    </None>
    <None Include="Shaders\6_2_Blur.vert">
      <Filter>Resource Files\Shaders</Filter>
    </None>
    <None Include="Shaders\6_3_Edge_Detection.frag">
      <Filter>Resource Files\Shaders</Filter>
    </None>
    <None Include="Shaders\6_3_Edge_Detection.vert">
      <Filter>Resource Files\Shaders</Filter>
    </None>
  </ItemGroup>
</Project>